// !$*UTF8*$!
{
	archiveVersion = 1;
	classes = {
	};
	objectVersion = 50;
	objects = {

/* Begin PBXBuildFile section */
		071F0E51232EC9EF0015EF69 /* AppDelegate.swift in Sources */ = {isa = PBXBuildFile; fileRef = 071F0E50232EC9EF0015EF69 /* AppDelegate.swift */; };
		071F0E53232EC9EF0015EF69 /* ViewController.swift in Sources */ = {isa = PBXBuildFile; fileRef = 071F0E52232EC9EF0015EF69 /* ViewController.swift */; };
		071F0E56232EC9EF0015EF69 /* Main.storyboard in Resources */ = {isa = PBXBuildFile; fileRef = 071F0E54232EC9EF0015EF69 /* Main.storyboard */; };
		071F0E58232EC9F00015EF69 /* Assets.xcassets in Resources */ = {isa = PBXBuildFile; fileRef = 071F0E57232EC9F00015EF69 /* Assets.xcassets */; };
		071F0E5B232EC9F00015EF69 /* LaunchScreen.storyboard in Resources */ = {isa = PBXBuildFile; fileRef = 071F0E59232EC9F00015EF69 /* LaunchScreen.storyboard */; };
		071F0E66232EC9F10015EF69 /* PlayingCardTests.swift in Sources */ = {isa = PBXBuildFile; fileRef = 071F0E65232EC9F10015EF69 /* PlayingCardTests.swift */; };
		071F0E71232EC9F10015EF69 /* PlayingCardUITests.swift in Sources */ = {isa = PBXBuildFile; fileRef = 071F0E70232EC9F10015EF69 /* PlayingCardUITests.swift */; };
		071F0E80232ECA850015EF69 /* PlayingCard.swift in Sources */ = {isa = PBXBuildFile; fileRef = 071F0E7F232ECA850015EF69 /* PlayingCard.swift */; };
		071F0E82232ECE390015EF69 /* PlayingCardDeck.swift in Sources */ = {isa = PBXBuildFile; fileRef = 071F0E81232ECE390015EF69 /* PlayingCardDeck.swift */; };
		077C77BC237823260088B151 /* PlayingCardView.swift in Sources */ = {isa = PBXBuildFile; fileRef = 077C77BB237823260088B151 /* PlayingCardView.swift */; };
/* End PBXBuildFile section */

/* Begin PBXContainerItemProxy section */
		071F0E62232EC9F10015EF69 /* PBXContainerItemProxy */ = {
			isa = PBXContainerItemProxy;
			containerPortal = 071F0E45232EC9EF0015EF69 /* Project object */;
			proxyType = 1;
			remoteGlobalIDString = 071F0E4C232EC9EF0015EF69;
			remoteInfo = PlayingCard;
		};
		071F0E6D232EC9F10015EF69 /* PBXContainerItemProxy */ = {
			isa = PBXContainerItemProxy;
			containerPortal = 071F0E45232EC9EF0015EF69 /* Project object */;
			proxyType = 1;
			remoteGlobalIDString = 071F0E4C232EC9EF0015EF69;
			remoteInfo = PlayingCard;
		};
/* End PBXContainerItemProxy section */

/* Begin PBXFileReference section */
		071F0E4D232EC9EF0015EF69 /* PlayingCard.app */ = {isa = PBXFileReference; explicitFileType = wrapper.application; includeInIndex = 0; path = PlayingCard.app; sourceTree = BUILT_PRODUCTS_DIR; };
		071F0E50232EC9EF0015EF69 /* AppDelegate.swift */ = {isa = PBXFileReference; lastKnownFileType = sourcecode.swift; path = AppDelegate.swift; sourceTree = "<group>"; };
		071F0E52232EC9EF0015EF69 /* ViewController.swift */ = {isa = PBXFileReference; lastKnownFileType = sourcecode.swift; path = ViewController.swift; sourceTree = "<group>"; };
		071F0E55232EC9EF0015EF69 /* Base */ = {isa = PBXFileReference; lastKnownFileType = file.storyboard; name = Base; path = Base.lproj/Main.storyboard; sourceTree = "<group>"; };
		071F0E57232EC9F00015EF69 /* Assets.xcassets */ = {isa = PBXFileReference; lastKnownFileType = folder.assetcatalog; path = Assets.xcassets; sourceTree = "<group>"; };
		071F0E5A232EC9F00015EF69 /* Base */ = {isa = PBXFileReference; lastKnownFileType = file.storyboard; name = Base; path = Base.lproj/LaunchScreen.storyboard; sourceTree = "<group>"; };
		071F0E5C232EC9F00015EF69 /* Info.plist */ = {isa = PBXFileReference; lastKnownFileType = text.plist.xml; path = Info.plist; sourceTree = "<group>"; };
		071F0E61232EC9F10015EF69 /* PlayingCardTests.xctest */ = {isa = PBXFileReference; explicitFileType = wrapper.cfbundle; includeInIndex = 0; path = PlayingCardTests.xctest; sourceTree = BUILT_PRODUCTS_DIR; };
		071F0E65232EC9F10015EF69 /* PlayingCardTests.swift */ = {isa = PBXFileReference; lastKnownFileType = sourcecode.swift; path = PlayingCardTests.swift; sourceTree = "<group>"; };
		071F0E67232EC9F10015EF69 /* Info.plist */ = {isa = PBXFileReference; lastKnownFileType = text.plist.xml; path = Info.plist; sourceTree = "<group>"; };
		071F0E6C232EC9F10015EF69 /* PlayingCardUITests.xctest */ = {isa = PBXFileReference; explicitFileType = wrapper.cfbundle; includeInIndex = 0; path = PlayingCardUITests.xctest; sourceTree = BUILT_PRODUCTS_DIR; };
		071F0E70232EC9F10015EF69 /* PlayingCardUITests.swift */ = {isa = PBXFileReference; lastKnownFileType = sourcecode.swift; path = PlayingCardUITests.swift; sourceTree = "<group>"; };
		071F0E72232EC9F10015EF69 /* Info.plist */ = {isa = PBXFileReference; lastKnownFileType = text.plist.xml; path = Info.plist; sourceTree = "<group>"; };
		071F0E7F232ECA850015EF69 /* PlayingCard.swift */ = {isa = PBXFileReference; lastKnownFileType = sourcecode.swift; path = PlayingCard.swift; sourceTree = "<group>"; };
		071F0E81232ECE390015EF69 /* PlayingCardDeck.swift */ = {isa = PBXFileReference; lastKnownFileType = sourcecode.swift; path = PlayingCardDeck.swift; sourceTree = "<group>"; };
		077C77BB237823260088B151 /* PlayingCardView.swift */ = {isa = PBXFileReference; lastKnownFileType = sourcecode.swift; path = PlayingCardView.swift; sourceTree = "<group>"; };
/* End PBXFileReference section */

/* Begin PBXFrameworksBuildPhase section */
		071F0E4A232EC9EF0015EF69 /* Frameworks */ = {
			isa = PBXFrameworksBuildPhase;
			buildActionMask = 2147483647;
			files = (
			);
			runOnlyForDeploymentPostprocessing = 0;
		};
		071F0E5E232EC9F10015EF69 /* Frameworks */ = {
			isa = PBXFrameworksBuildPhase;
			buildActionMask = 2147483647;
			files = (
			);
			runOnlyForDeploymentPostprocessing = 0;
		};
		071F0E69232EC9F10015EF69 /* Frameworks */ = {
			isa = PBXFrameworksBuildPhase;
			buildActionMask = 2147483647;
			files = (
			);
			runOnlyForDeploymentPostprocessing = 0;
		};
/* End PBXFrameworksBuildPhase section */

/* Begin PBXGroup section */
		071F0E44232EC9EF0015EF69 = {
			isa = PBXGroup;
			children = (
				071F0E4F232EC9EF0015EF69 /* PlayingCard */,
				071F0E64232EC9F10015EF69 /* PlayingCardTests */,
				071F0E6F232EC9F10015EF69 /* PlayingCardUITests */,
				071F0E4E232EC9EF0015EF69 /* Products */,
			);
			sourceTree = "<group>";
		};
		071F0E4E232EC9EF0015EF69 /* Products */ = {
			isa = PBXGroup;
			children = (
				071F0E4D232EC9EF0015EF69 /* PlayingCard.app */,
				071F0E61232EC9F10015EF69 /* PlayingCardTests.xctest */,
				071F0E6C232EC9F10015EF69 /* PlayingCardUITests.xctest */,
			);
			name = Products;
			sourceTree = "<group>";
		};
		071F0E4F232EC9EF0015EF69 /* PlayingCard */ = {
			isa = PBXGroup;
			children = (
				071F0E7E232ECA580015EF69 /* Supporting Files */,
				071F0E52232EC9EF0015EF69 /* ViewController.swift */,
				077C77BB237823260088B151 /* PlayingCardView.swift */,
				071F0E7F232ECA850015EF69 /* PlayingCard.swift */,
				071F0E81232ECE390015EF69 /* PlayingCardDeck.swift */,
				071F0E54232EC9EF0015EF69 /* Main.storyboard */,
				071F0E57232EC9F00015EF69 /* Assets.xcassets */,
				071F0E5C232EC9F00015EF69 /* Info.plist */,
			);
			path = PlayingCard;
			sourceTree = "<group>";
		};
		071F0E64232EC9F10015EF69 /* PlayingCardTests */ = {
			isa = PBXGroup;
			children = (
				071F0E65232EC9F10015EF69 /* PlayingCardTests.swift */,
				071F0E67232EC9F10015EF69 /* Info.plist */,
			);
			path = PlayingCardTests;
			sourceTree = "<group>";
		};
		071F0E6F232EC9F10015EF69 /* PlayingCardUITests */ = {
			isa = PBXGroup;
			children = (
				071F0E70232EC9F10015EF69 /* PlayingCardUITests.swift */,
				071F0E72232EC9F10015EF69 /* Info.plist */,
			);
			path = PlayingCardUITests;
			sourceTree = "<group>";
		};
		071F0E7E232ECA580015EF69 /* Supporting Files */ = {
			isa = PBXGroup;
			children = (
				071F0E50232EC9EF0015EF69 /* AppDelegate.swift */,
				071F0E59232EC9F00015EF69 /* LaunchScreen.storyboard */,
			);
			path = "Supporting Files";
			sourceTree = "<group>";
		};
/* End PBXGroup section */

/* Begin PBXNativeTarget section */
		071F0E4C232EC9EF0015EF69 /* PlayingCard */ = {
			isa = PBXNativeTarget;
			buildConfigurationList = 071F0E75232EC9F10015EF69 /* Build configuration list for PBXNativeTarget "PlayingCard" */;
			buildPhases = (
				071F0E49232EC9EF0015EF69 /* Sources */,
				071F0E4A232EC9EF0015EF69 /* Frameworks */,
				071F0E4B232EC9EF0015EF69 /* Resources */,
			);
			buildRules = (
			);
			dependencies = (
			);
			name = PlayingCard;
			productName = PlayingCard;
			productReference = 071F0E4D232EC9EF0015EF69 /* PlayingCard.app */;
			productType = "com.apple.product-type.application";
		};
		071F0E60232EC9F10015EF69 /* PlayingCardTests */ = {
			isa = PBXNativeTarget;
			buildConfigurationList = 071F0E78232EC9F10015EF69 /* Build configuration list for PBXNativeTarget "PlayingCardTests" */;
			buildPhases = (
				071F0E5D232EC9F10015EF69 /* Sources */,
				071F0E5E232EC9F10015EF69 /* Frameworks */,
				071F0E5F232EC9F10015EF69 /* Resources */,
			);
			buildRules = (
			);
			dependencies = (
				071F0E63232EC9F10015EF69 /* PBXTargetDependency */,
			);
			name = PlayingCardTests;
			productName = PlayingCardTests;
			productReference = 071F0E61232EC9F10015EF69 /* PlayingCardTests.xctest */;
			productType = "com.apple.product-type.bundle.unit-test";
		};
		071F0E6B232EC9F10015EF69 /* PlayingCardUITests */ = {
			isa = PBXNativeTarget;
			buildConfigurationList = 071F0E7B232EC9F10015EF69 /* Build configuration list for PBXNativeTarget "PlayingCardUITests" */;
			buildPhases = (
				071F0E68232EC9F10015EF69 /* Sources */,
				071F0E69232EC9F10015EF69 /* Frameworks */,
				071F0E6A232EC9F10015EF69 /* Resources */,
			);
			buildRules = (
			);
			dependencies = (
				071F0E6E232EC9F10015EF69 /* PBXTargetDependency */,
			);
			name = PlayingCardUITests;
			productName = PlayingCardUITests;
			productReference = 071F0E6C232EC9F10015EF69 /* PlayingCardUITests.xctest */;
			productType = "com.apple.product-type.bundle.ui-testing";
		};
/* End PBXNativeTarget section */

/* Begin PBXProject section */
		071F0E45232EC9EF0015EF69 /* Project object */ = {
			isa = PBXProject;
			attributes = {
				LastSwiftUpdateCheck = 1030;
				LastUpgradeCheck = 1030;
				ORGANIZATIONNAME = MinKyeongTae;
				TargetAttributes = {
					071F0E4C232EC9EF0015EF69 = {
						CreatedOnToolsVersion = 10.3;
					};
					071F0E60232EC9F10015EF69 = {
						CreatedOnToolsVersion = 10.3;
						TestTargetID = 071F0E4C232EC9EF0015EF69;
					};
					071F0E6B232EC9F10015EF69 = {
						CreatedOnToolsVersion = 10.3;
						TestTargetID = 071F0E4C232EC9EF0015EF69;
					};
				};
			};
			buildConfigurationList = 071F0E48232EC9EF0015EF69 /* Build configuration list for PBXProject "PlayingCard" */;
			compatibilityVersion = "Xcode 9.3";
			developmentRegion = en;
			hasScannedForEncodings = 0;
			knownRegions = (
				en,
				Base,
			);
			mainGroup = 071F0E44232EC9EF0015EF69;
			productRefGroup = 071F0E4E232EC9EF0015EF69 /* Products */;
			projectDirPath = "";
			projectRoot = "";
			targets = (
				071F0E4C232EC9EF0015EF69 /* PlayingCard */,
				071F0E60232EC9F10015EF69 /* PlayingCardTests */,
				071F0E6B232EC9F10015EF69 /* PlayingCardUITests */,
			);
		};
/* End PBXProject section */

/* Begin PBXResourcesBuildPhase section */
		071F0E4B232EC9EF0015EF69 /* Resources */ = {
			isa = PBXResourcesBuildPhase;
			buildActionMask = 2147483647;
			files = (
				071F0E5B232EC9F00015EF69 /* LaunchScreen.storyboard in Resources */,
				071F0E58232EC9F00015EF69 /* Assets.xcassets in Resources */,
				071F0E56232EC9EF0015EF69 /* Main.storyboard in Resources */,
			);
			runOnlyForDeploymentPostprocessing = 0;
		};
		071F0E5F232EC9F10015EF69 /* Resources */ = {
			isa = PBXResourcesBuildPhase;
			buildActionMask = 2147483647;
			files = (
			);
			runOnlyForDeploymentPostprocessing = 0;
		};
		071F0E6A232EC9F10015EF69 /* Resources */ = {
			isa = PBXResourcesBuildPhase;
			buildActionMask = 2147483647;
			files = (
			);
			runOnlyForDeploymentPostprocessing = 0;
		};
/* End PBXResourcesBuildPhase section */

/* Begin PBXSourcesBuildPhase section */
		071F0E49232EC9EF0015EF69 /* Sources */ = {
			isa = PBXSourcesBuildPhase;
			buildActionMask = 2147483647;
			files = (
				071F0E53232EC9EF0015EF69 /* ViewController.swift in Sources */,
				071F0E82232ECE390015EF69 /* PlayingCardDeck.swift in Sources */,
				071F0E80232ECA850015EF69 /* PlayingCard.swift in Sources */,
				077C77BC237823260088B151 /* PlayingCardView.swift in Sources */,
				071F0E51232EC9EF0015EF69 /* AppDelegate.swift in Sources */,
			);
			runOnlyForDeploymentPostprocessing = 0;
		};
		071F0E5D232EC9F10015EF69 /* Sources */ = {
			isa = PBXSourcesBuildPhase;
			buildActionMask = 2147483647;
			files = (
				071F0E66232EC9F10015EF69 /* PlayingCardTests.swift in Sources */,
			);
			runOnlyForDeploymentPostprocessing = 0;
		};
		071F0E68232EC9F10015EF69 /* Sources */ = {
			isa = PBXSourcesBuildPhase;
			buildActionMask = 2147483647;
			files = (
				071F0E71232EC9F10015EF69 /* PlayingCardUITests.swift in Sources */,
			);
			runOnlyForDeploymentPostprocessing = 0;
		};
/* End PBXSourcesBuildPhase section */

/* Begin PBXTargetDependency section */
		071F0E63232EC9F10015EF69 /* PBXTargetDependency */ = {
			isa = PBXTargetDependency;
			target = 071F0E4C232EC9EF0015EF69 /* PlayingCard */;
			targetProxy = 071F0E62232EC9F10015EF69 /* PBXContainerItemProxy */;
		};
		071F0E6E232EC9F10015EF69 /* PBXTargetDependency */ = {
			isa = PBXTargetDependency;
			target = 071F0E4C232EC9EF0015EF69 /* PlayingCard */;
			targetProxy = 071F0E6D232EC9F10015EF69 /* PBXContainerItemProxy */;
		};
/* End PBXTargetDependency section */

/* Begin PBXVariantGroup section */
		071F0E54232EC9EF0015EF69 /* Main.storyboard */ = {
			isa = PBXVariantGroup;
			children = (
				071F0E55232EC9EF0015EF69 /* Base */,
			);
			name = Main.storyboard;
			sourceTree = "<group>";
		};
		071F0E59232EC9F00015EF69 /* LaunchScreen.storyboard */ = {
			isa = PBXVariantGroup;
			children = (
				071F0E5A232EC9F00015EF69 /* Base */,
			);
			name = LaunchScreen.storyboard;
			sourceTree = "<group>";
		};
/* End PBXVariantGroup section */

/* Begin XCBuildConfiguration section */
		071F0E73232EC9F10015EF69 /* Debug */ = {
			isa = XCBuildConfiguration;
			buildSettings = {
				ALWAYS_SEARCH_USER_PATHS = NO;
				CLANG_ANALYZER_NONNULL = YES;
				CLANG_ANALYZER_NUMBER_OBJECT_CONVERSION = YES_AGGRESSIVE;
				CLANG_CXX_LANGUAGE_STANDARD = "gnu++14";
				CLANG_CXX_LIBRARY = "libc++";
				CLANG_ENABLE_MODULES = YES;
				CLANG_ENABLE_OBJC_ARC = YES;
				CLANG_ENABLE_OBJC_WEAK = YES;
				CLANG_WARN_BLOCK_CAPTURE_AUTORELEASING = YES;
				CLANG_WARN_BOOL_CONVERSION = YES;
				CLANG_WARN_COMMA = YES;
				CLANG_WARN_CONSTANT_CONVERSION = YES;
				CLANG_WARN_DEPRECATED_OBJC_IMPLEMENTATIONS = YES;
				CLANG_WARN_DIRECT_OBJC_ISA_USAGE = YES_ERROR;
				CLANG_WARN_DOCUMENTATION_COMMENTS = YES;
				CLANG_WARN_EMPTY_BODY = YES;
				CLANG_WARN_ENUM_CONVERSION = YES;
				CLANG_WARN_INFINITE_RECURSION = YES;
				CLANG_WARN_INT_CONVERSION = YES;
				CLANG_WARN_NON_LITERAL_NULL_CONVERSION = YES;
				CLANG_WARN_OBJC_IMPLICIT_RETAIN_SELF = YES;
				CLANG_WARN_OBJC_LITERAL_CONVERSION = YES;
				CLANG_WARN_OBJC_ROOT_CLASS = YES_ERROR;
				CLANG_WARN_RANGE_LOOP_ANALYSIS = YES;
				CLANG_WARN_STRICT_PROTOTYPES = YES;
				CLANG_WARN_SUSPICIOUS_MOVE = YES;
				CLANG_WARN_UNGUARDED_AVAILABILITY = YES_AGGRESSIVE;
				CLANG_WARN_UNREACHABLE_CODE = YES;
				CLANG_WARN__DUPLICATE_METHOD_MATCH = YES;
				CODE_SIGN_IDENTITY = "iPhone Developer";
				COPY_PHASE_STRIP = NO;
				DEBUG_INFORMATION_FORMAT = dwarf;
				ENABLE_STRICT_OBJC_MSGSEND = YES;
				ENABLE_TESTABILITY = YES;
				GCC_C_LANGUAGE_STANDARD = gnu11;
				GCC_DYNAMIC_NO_PIC = NO;
				GCC_NO_COMMON_BLOCKS = YES;
				GCC_OPTIMIZATION_LEVEL = 0;
				GCC_PREPROCESSOR_DEFINITIONS = (
					"DEBUG=1",
					"$(inherited)",
				);
				GCC_WARN_64_TO_32_BIT_CONVERSION = YES;
				GCC_WARN_ABOUT_RETURN_TYPE = YES_ERROR;
				GCC_WARN_UNDECLARED_SELECTOR = YES;
				GCC_WARN_UNINITIALIZED_AUTOS = YES_AGGRESSIVE;
				GCC_WARN_UNUSED_FUNCTION = YES;
				GCC_WARN_UNUSED_VARIABLE = YES;
				IPHONEOS_DEPLOYMENT_TARGET = 12.4;
				MTL_ENABLE_DEBUG_INFO = INCLUDE_SOURCE;
				MTL_FAST_MATH = YES;
				ONLY_ACTIVE_ARCH = YES;
				SDKROOT = iphoneos;
				SWIFT_ACTIVE_COMPILATION_CONDITIONS = DEBUG;
				SWIFT_OPTIMIZATION_LEVEL = "-Onone";
			};
			name = Debug;
		};
		071F0E74232EC9F10015EF69 /* Release */ = {
			isa = XCBuildConfiguration;
			buildSettings = {
				ALWAYS_SEARCH_USER_PATHS = NO;
				CLANG_ANALYZER_NONNULL = YES;
				CLANG_ANALYZER_NUMBER_OBJECT_CONVERSION = YES_AGGRESSIVE;
				CLANG_CXX_LANGUAGE_STANDARD = "gnu++14";
				CLANG_CXX_LIBRARY = "libc++";
				CLANG_ENABLE_MODULES = YES;
				CLANG_ENABLE_OBJC_ARC = YES;
				CLANG_ENABLE_OBJC_WEAK = YES;
				CLANG_WARN_BLOCK_CAPTURE_AUTORELEASING = YES;
				CLANG_WARN_BOOL_CONVERSION = YES;
				CLANG_WARN_COMMA = YES;
				CLANG_WARN_CONSTANT_CONVERSION = YES;
				CLANG_WARN_DEPRECATED_OBJC_IMPLEMENTATIONS = YES;
				CLANG_WARN_DIRECT_OBJC_ISA_USAGE = YES_ERROR;
				CLANG_WARN_DOCUMENTATION_COMMENTS = YES;
				CLANG_WARN_EMPTY_BODY = YES;
				CLANG_WARN_ENUM_CONVERSION = YES;
				CLANG_WARN_INFINITE_RECURSION = YES;
				CLANG_WARN_INT_CONVERSION = YES;
				CLANG_WARN_NON_LITERAL_NULL_CONVERSION = YES;
				CLANG_WARN_OBJC_IMPLICIT_RETAIN_SELF = YES;
				CLANG_WARN_OBJC_LITERAL_CONVERSION = YES;
				CLANG_WARN_OBJC_ROOT_CLASS = YES_ERROR;
				CLANG_WARN_RANGE_LOOP_ANALYSIS = YES;
				CLANG_WARN_STRICT_PROTOTYPES = YES;
				CLANG_WARN_SUSPICIOUS_MOVE = YES;
				CLANG_WARN_UNGUARDED_AVAILABILITY = YES_AGGRESSIVE;
				CLANG_WARN_UNREACHABLE_CODE = YES;
				CLANG_WARN__DUPLICATE_METHOD_MATCH = YES;
				CODE_SIGN_IDENTITY = "iPhone Developer";
				COPY_PHASE_STRIP = NO;
				DEBUG_INFORMATION_FORMAT = "dwarf-with-dsym";
				ENABLE_NS_ASSERTIONS = NO;
				ENABLE_STRICT_OBJC_MSGSEND = YES;
				GCC_C_LANGUAGE_STANDARD = gnu11;
				GCC_NO_COMMON_BLOCKS = YES;
				GCC_WARN_64_TO_32_BIT_CONVERSION = YES;
				GCC_WARN_ABOUT_RETURN_TYPE = YES_ERROR;
				GCC_WARN_UNDECLARED_SELECTOR = YES;
				GCC_WARN_UNINITIALIZED_AUTOS = YES_AGGRESSIVE;
				GCC_WARN_UNUSED_FUNCTION = YES;
				GCC_WARN_UNUSED_VARIABLE = YES;
				IPHONEOS_DEPLOYMENT_TARGET = 12.4;
				MTL_ENABLE_DEBUG_INFO = NO;
				MTL_FAST_MATH = YES;
				SDKROOT = iphoneos;
				SWIFT_COMPILATION_MODE = wholemodule;
				SWIFT_OPTIMIZATION_LEVEL = "-O";
				VALIDATE_PRODUCT = YES;
			};
			name = Release;
		};
		071F0E76232EC9F10015EF69 /* Debug */ = {
			isa = XCBuildConfiguration;
			buildSettings = {
				ASSETCATALOG_COMPILER_APPICON_NAME = AppIcon;
				CODE_SIGN_STYLE = Automatic;
				DEVELOPMENT_TEAM = NF9G85TZ2T;
				INFOPLIST_FILE = PlayingCard/Info.plist;
				LD_RUNPATH_SEARCH_PATHS = (
					"$(inherited)",
					"@executable_path/Frameworks",
				);
				PRODUCT_BUNDLE_IDENTIFIER = OurTrees.PlayingCard;
				PRODUCT_NAME = "$(TARGET_NAME)";
				SWIFT_VERSION = 5.0;
				TARGETED_DEVICE_FAMILY = "1,2";
			};
			name = Debug;
		};
		071F0E77232EC9F10015EF69 /* Release */ = {
			isa = XCBuildConfiguration;
			buildSettings = {
				ASSETCATALOG_COMPILER_APPICON_NAME = AppIcon;
				CODE_SIGN_STYLE = Automatic;
				DEVELOPMENT_TEAM = NF9G85TZ2T;
				INFOPLIST_FILE = PlayingCard/Info.plist;
				LD_RUNPATH_SEARCH_PATHS = (
					"$(inherited)",
					"@executable_path/Frameworks",
				);
				PRODUCT_BUNDLE_IDENTIFIER = OurTrees.PlayingCard;
				PRODUCT_NAME = "$(TARGET_NAME)";
				SWIFT_VERSION = 5.0;
				TARGETED_DEVICE_FAMILY = "1,2";
			};
			name = Release;
		};
		071F0E79232EC9F10015EF69 /* Debug */ = {
			isa = XCBuildConfiguration;
			buildSettings = {
				ALWAYS_EMBED_SWIFT_STANDARD_LIBRARIES = YES;
				BUNDLE_LOADER = "$(TEST_HOST)";
				CODE_SIGN_STYLE = Automatic;
				DEVELOPMENT_TEAM = NF9G85TZ2T;
				INFOPLIST_FILE = PlayingCardTests/Info.plist;
				LD_RUNPATH_SEARCH_PATHS = (
					"$(inherited)",
					"@executable_path/Frameworks",
					"@loader_path/Frameworks",
				);
				PRODUCT_BUNDLE_IDENTIFIER = OurTrees.PlayingCardTests;
				PRODUCT_NAME = "$(TARGET_NAME)";
				SWIFT_VERSION = 5.0;
				TARGETED_DEVICE_FAMILY = "1,2";
				TEST_HOST = "$(BUILT_PRODUCTS_DIR)/PlayingCard.app/PlayingCard";
			};
			name = Debug;
		};
		071F0E7A232EC9F10015EF69 /* Release */ = {
			isa = XCBuildConfiguration;
			buildSettings = {
				ALWAYS_EMBED_SWIFT_STANDARD_LIBRARIES = YES;
				BUNDLE_LOADER = "$(TEST_HOST)";
				CODE_SIGN_STYLE = Automatic;
				DEVELOPMENT_TEAM = NF9G85TZ2T;
				INFOPLIST_FILE = PlayingCardTests/Info.plist;
				LD_RUNPATH_SEARCH_PATHS = (
					"$(inherited)",
					"@executable_path/Frameworks",
					"@loader_path/Frameworks",
				);
				PRODUCT_BUNDLE_IDENTIFIER = OurTrees.PlayingCardTests;
				PRODUCT_NAME = "$(TARGET_NAME)";
				SWIFT_VERSION = 5.0;
				TARGETED_DEVICE_FAMILY = "1,2";
				TEST_HOST = "$(BUILT_PRODUCTS_DIR)/PlayingCard.app/PlayingCard";
			};
			name = Release;
		};
		071F0E7C232EC9F10015EF69 /* Debug */ = {
			isa = XCBuildConfiguration;
			buildSettings = {
				ALWAYS_EMBED_SWIFT_STANDARD_LIBRARIES = YES;
				CODE_SIGN_STYLE = Automatic;
				DEVELOPMENT_TEAM = NF9G85TZ2T;
				INFOPLIST_FILE = PlayingCardUITests/Info.plist;
				LD_RUNPATH_SEARCH_PATHS = (
					"$(inherited)",
					"@executable_path/Frameworks",
					"@loader_path/Frameworks",
				);
				PRODUCT_BUNDLE_IDENTIFIER = OurTrees.PlayingCardUITests;
				PRODUCT_NAME = "$(TARGET_NAME)";
				SWIFT_VERSION = 5.0;
				TARGETED_DEVICE_FAMILY = "1,2";
				TEST_TARGET_NAME = PlayingCard;
			};
			name = Debug;
		};
		071F0E7D232EC9F10015EF69 /* Release */ = {
			isa = XCBuildConfiguration;
			buildSettings = {
				ALWAYS_EMBED_SWIFT_STANDARD_LIBRARIES = YES;
				CODE_SIGN_STYLE = Automatic;
				DEVELOPMENT_TEAM = NF9G85TZ2T;
				INFOPLIST_FILE = PlayingCardUITests/Info.plist;
				LD_RUNPATH_SEARCH_PATHS = (
					"$(inherited)",
					"@executable_path/Frameworks",
					"@loader_path/Frameworks",
				);
				PRODUCT_BUNDLE_IDENTIFIER = OurTrees.PlayingCardUITests;
				PRODUCT_NAME = "$(TARGET_NAME)";
				SWIFT_VERSION = 5.0;
				TARGETED_DEVICE_FAMILY = "1,2";
				TEST_TARGET_NAME = PlayingCard;
			};
			name = Release;
		};
/* End XCBuildConfiguration section */

/* Begin XCConfigurationList section */
		071F0E48232EC9EF0015EF69 /* Build configuration list for PBXProject "PlayingCard" */ = {
			isa = XCConfigurationList;
			buildConfigurations = (
				071F0E73232EC9F10015EF69 /* Debug */,
				071F0E74232EC9F10015EF69 /* Release */,
			);
			defaultConfigurationIsVisible = 0;
			defaultConfigurationName = Release;
		};
		071F0E75232EC9F10015EF69 /* Build configuration list for PBXNativeTarget "PlayingCard" */ = {
			isa = XCConfigurationList;
			buildConfigurations = (
				071F0E76232EC9F10015EF69 /* Debug */,
				071F0E77232EC9F10015EF69 /* Release */,
			);
			defaultConfigurationIsVisible = 0;
			defaultConfigurationName = Release;
		};
		071F0E78232EC9F10015EF69 /* Build configuration list for PBXNativeTarget "PlayingCardTests" */ = {
			isa = XCConfigurationList;
			buildConfigurations = (
				071F0E79232EC9F10015EF69 /* Debug */,
				071F0E7A232EC9F10015EF69 /* Release */,
			);
			defaultConfigurationIsVisible = 0;
			defaultConfigurationName = Release;
		};
		071F0E7B232EC9F10015EF69 /* Build configuration list for PBXNativeTarget "PlayingCardUITests" */ = {
			isa = XCConfigurationList;
			buildConfigurations = (
				071F0E7C232EC9F10015EF69 /* Debug */,
				071F0E7D232EC9F10015EF69 /* Release */,
			);
			defaultConfigurationIsVisible = 0;
			defaultConfigurationName = Release;
		};
/* End XCConfigurationList section */
	};
	rootObject = 071F0E45232EC9EF0015EF69 /* Project object */;
}
